
Microsoft Visual Studio Solution File, Format Version 12.00
# Visual Studio Version 17
VisualStudioVersion = 17.3.32929.385
MinimumVisualStudioVersion = 10.0.40219.1
Project("{FAE04EC0-301F-11D3-BF4B-00C04F79EFBC}") = "UberPoo", "UberPoo\UberPoo.csproj", "{61BC7004-AE35-42C5-8D29-3098EE51F23F}"
EndProject
Global
	GlobalSection(SolutionConfigurationPlatforms) = preSolution
		Debug|Any CPU = Debug|Any CPU
		Release|Any CPU = Release|Any CPU
	EndGlobalSection
	GlobalSection(ProjectConfigurationPlatforms) = postSolution
		{61BC7004-AE35-42C5-8D29-3098EE51F23F}.Debug|Any CPU.ActiveCfg = Debug|Any CPU
		{61BC7004-AE35-42C5-8D29-3098EE51F23F}.Debug|Any CPU.Build.0 = Debug|Any CPU
		{61BC7004-AE35-42C5-8D29-3098EE51F23F}.Release|Any CPU.ActiveCfg = Release|Any CPU
		{61BC7004-AE35-42C5-8D29-3098EE51F23F}.Release|Any CPU.Build.0 = Release|Any CPU
	EndGlobalSection
	GlobalSection(SolutionProperties) = preSolution
		HideSolutionNode = FALSE
	EndGlobalSection
	GlobalSection(ExtensibilityGlobals) = postSolution
		SolutionGuid = {F3929F31-8C46-42BE-9CF7-EBFEB6FAC42F}
	EndGlobalSection
EndGlobal
